#MicroXplorer Configuration settings - do not modify
FREERTOS.IPParameters=Tasks01
FREERTOS.Tasks01=defaultTask,0,128,StartDefaultTask,Default
File.Version=6
KeepUserPlacement=false
LWIP.Version=v1.5.0_RC0_20160211_Cube
Mcu.Family=STM32F4
Mcu.IP0=CRC
Mcu.IP1=ETH
Mcu.IP2=FREERTOS
Mcu.IP3=LWIP
Mcu.IP4=NVIC
Mcu.IP5=RCC
Mcu.IP6=RNG
Mcu.IP7=RTC
Mcu.IP8=SYS
Mcu.IP9=UART4
Mcu.IPNb=10
Mcu.Name=STM32F437I(G-I)Hx
Mcu.Package=UFBGA176
Mcu.Pin0=PE2
Mcu.Pin1=PG14
Mcu.Pin10=PC10
Mcu.Pin11=PC13
Mcu.Pin12=PC14/OSC32_IN
Mcu.Pin13=PC15/OSC32_OUT
Mcu.Pin14=PH2
Mcu.Pin15=PH0/OSC_IN
Mcu.Pin16=PH3
Mcu.Pin17=PH1/OSC_OUT
Mcu.Pin18=PC1
Mcu.Pin19=PC2
Mcu.Pin2=PG13
Mcu.Pin20=PC3
Mcu.Pin21=PH6
Mcu.Pin22=PA1
Mcu.Pin23=PC4
Mcu.Pin24=PH7
Mcu.Pin25=PA2
Mcu.Pin26=PC5
Mcu.Pin27=PA7
Mcu.Pin28=PB15
Mcu.Pin29=VP_CRC_VS_CRC
Mcu.Pin3=PB4
Mcu.Pin30=VP_FREERTOS_VS_ENABLE
Mcu.Pin31=VP_LWIP_VS_Enabled
Mcu.Pin32=VP_RNG_VS_RNG
Mcu.Pin33=VP_SYS_VS_tim1
Mcu.Pin4=PB3
Mcu.Pin5=PA15
Mcu.Pin6=PA14
Mcu.Pin7=PA13
Mcu.Pin8=PG11
Mcu.Pin9=PC11
Mcu.PinsNb=34
Mcu.UserConstants=
Mcu.UserName=STM32F437IIHx
MxCube.Version=4.16.1
MxDb.Version=DB.4.0.161
NVIC.BusFault_IRQn=true\:0\:0\:false\:false\:true\:false
NVIC.DebugMonitor_IRQn=true\:0\:0\:false\:false\:true\:false
NVIC.ETH_IRQn=true\:0\:0\:false\:false\:true\:false
NVIC.HardFault_IRQn=true\:0\:0\:false\:false\:true\:false
NVIC.MemoryManagement_IRQn=true\:0\:0\:false\:false\:true\:false
NVIC.NonMaskableInt_IRQn=true\:0\:0\:false\:false\:true\:false
NVIC.PendSV_IRQn=true\:15\:0\:false\:false\:false\:true
NVIC.PriorityGroup=NVIC_PRIORITYGROUP_4
NVIC.SVCall_IRQn=true\:0\:0\:false\:false\:false\:false
NVIC.SysTick_IRQn=true\:15\:0\:false\:false\:true\:true
NVIC.TIM1_UP_TIM10_IRQn=true\:0\:0\:false\:false\:true\:false
NVIC.TimeBase=TIM1_UP_TIM10_IRQn
NVIC.TimeBaseIP=TIM1
NVIC.UsageFault_IRQn=true\:0\:0\:false\:false\:true\:false
PA1.Mode=MII
PA1.Signal=ETH_RX_CLK
PA13.Mode=JTAG_5_pins
PA13.Signal=SYS_JTMS-SWDIO
PA14.Mode=JTAG_5_pins
PA14.Signal=SYS_JTCK-SWCLK
PA15.Mode=JTAG_5_pins
PA15.Signal=SYS_JTDI
PA2.Mode=MII
PA2.Signal=ETH_MDIO
PA7.Mode=MII
PA7.Signal=ETH_RX_DV
PB15.Mode=Reference_Clock_Detection_Activate
PB15.Signal=RTC_REFIN
PB3.Mode=JTAG_5_pins
PB3.Signal=SYS_JTDO-SWO
PB4.Mode=JTAG_5_pins
PB4.Signal=SYS_JTRST
PC1.Mode=MII
PC1.Signal=ETH_MDC
PC10.Mode=Asynchronous
PC10.Signal=UART4_TX
PC11.Mode=Asynchronous
PC11.Signal=UART4_RX
PC13.Mode=Timestamp enabled - Input Enabled to AF1
PC13.Signal=RTC_AF1
PC14/OSC32_IN.Mode=LSE-External-Oscillator
PC14/OSC32_IN.Signal=RCC_OSC32_IN
PC15/OSC32_OUT.Mode=LSE-External-Oscillator
PC15/OSC32_OUT.Signal=RCC_OSC32_OUT
PC2.Mode=MII
PC2.Signal=ETH_TXD2
PC3.Mode=MII
PC3.Signal=ETH_TX_CLK
PC4.Mode=MII
PC4.Signal=ETH_RXD0
PC5.Mode=MII
PC5.Signal=ETH_RXD1
PCC.Checker=false
PCC.Line=STM32F427/437
PCC.MCU=STM32F437I(G-I)Hx
PCC.MXVersion=4.16.1
PCC.PartNumber=STM32F437IIHx
PCC.Seq0=0
PCC.Series=STM32F4
PCC.Temperature=25
PCC.Vdd=null
PE2.Mode=MII
PE2.Signal=ETH_TXD3
PG11.Mode=MII
PG11.Signal=ETH_TX_EN
PG13.Mode=MII
PG13.Signal=ETH_TXD0
PG14.Mode=MII
PG14.Signal=ETH_TXD1
PH0/OSC_IN.Mode=HSE-External-Oscillator
PH0/OSC_IN.Signal=RCC_OSC_IN
PH1/OSC_OUT.Mode=HSE-External-Oscillator
PH1/OSC_OUT.Signal=RCC_OSC_OUT
PH2.Mode=MII
PH2.Signal=ETH_CRS
PH3.Mode=MII
PH3.Signal=ETH_COL
PH6.Mode=MII
PH6.Signal=ETH_RXD2
PH7.Mode=MII
PH7.Signal=ETH_RXD3
ProjectManager.AskForMigrate=true
ProjectManager.BackupPrevious=false
ProjectManager.CompilerOptimize=2
ProjectManager.ComputerToolchain=false
ProjectManager.CoupleFile=false
ProjectManager.DeletePrevious=true
ProjectManager.DeviceId=STM32F437IIHx
ProjectManager.FirmwarePackage=STM32Cube FW_F4 V1.13.0
ProjectManager.FreePins=false
ProjectManager.HalAssertFull=false
ProjectManager.HeapSize=0x10000
ProjectManager.KeepUserCode=true
ProjectManager.LastFirmware=true
ProjectManager.LibraryCopy=1
ProjectManager.PreviousToolchain=SW4STM32
ProjectManager.ProjectBuild=false
ProjectManager.ProjectFileName=wolfSTM32.ioc
ProjectManager.ProjectName=wolfSTM32
ProjectManager.StackSize=0x4000
ProjectManager.TargetToolchain=SW4STM32
ProjectManager.ToolChainLocation=
ProjectManager.UnderRoot=true
ProjectManager.functionlistsort=1-MX_GPIO_Init-GPIO-false,2-MX_CRC_Init-CRC-false,3-MX_RNG_Init-RNG-false,4-MX_UART4_Init-UART4-false,5-MX_LWIP_Init-LWIP-false,6-MX_RTC_Init-RTC-false
RCC.48MHZClocksFreq_Value=48000000
RCC.AHBFreq_Value=120000000
RCC.APB1CLKDivider=RCC_HCLK_DIV4
RCC.APB1Freq_Value=30000000
RCC.APB1TimFreq_Value=60000000
RCC.APB2CLKDivider=RCC_HCLK_DIV2
RCC.APB2Freq_Value=60000000
RCC.APB2TimFreq_Value=120000000
RCC.CortexFreq_Value=120000000
RCC.EthernetFreq_Value=120000000
RCC.FCLKCortexFreq_Value=120000000
RCC.FamilyName=M
RCC.HCLKFreq_Value=120000000
RCC.HSE_VALUE=25000000
RCC.HSI_VALUE=16000000
RCC.I2SClocksFreq_Value=160000000
RCC.IPParameters=48MHZClocksFreq_Value,AHBFreq_Value,APB1CLKDivider,APB1Freq_Value,APB1TimFreq_Value,APB2CLKDivider,APB2Freq_Value,APB2TimFreq_Value,CortexFreq_Value,EthernetFreq_Value,FCLKCortexFreq_Value,FamilyName,HCLKFreq_Value,HSE_VALUE,HSI_VALUE,I2SClocksFreq_Value,LSI_VALUE,MCO2PinFreq_Value,PLLCLKFreq_Value,PLLM,PLLN,PLLQ,PLLQCLKFreq_Value,PLLSourceVirtual,RCC_RTC_Clock_Source,RTCFreq_Value,RTCHSEDivFreq_Value,SAI_AClocksFreq_Value,SAI_BClocksFreq_Value,SYSCLKFreq_VALUE,SYSCLKSource,VCOI2SOutputFreq_Value,VCOInputFreq_Value,VCOOutputFreq_Value,VCOSAIOutputFreq_Value,VCOSAIOutputFreq_ValueQ,VcooutputI2S,VcooutputI2SQ
RCC.LSI_VALUE=32000
RCC.MCO2PinFreq_Value=120000000
RCC.PLLCLKFreq_Value=120000000
RCC.PLLM=15
RCC.PLLN=144
RCC.PLLQ=5
RCC.PLLQCLKFreq_Value=48000000
RCC.PLLSourceVirtual=RCC_PLLSOURCE_HSE
RCC.RCC_RTC_Clock_Source=RCC_RTCCLKSOURCE_LSE
RCC.RTCFreq_Value=32768
RCC.RTCHSEDivFreq_Value=12500000
RCC.SAI_AClocksFreq_Value=20416666.666666668
RCC.SAI_BClocksFreq_Value=20416666.666666668
RCC.SYSCLKFreq_VALUE=120000000
RCC.SYSCLKSource=RCC_SYSCLKSOURCE_PLLCLK
RCC.VCOI2SOutputFreq_Value=320000000
RCC.VCOInputFreq_Value=1666666.6666666667
RCC.VCOOutputFreq_Value=240000000
RCC.VCOSAIOutputFreq_Value=81666666.66666667
RCC.VCOSAIOutputFreq_ValueQ=20416666.666666668
RCC.VcooutputI2S=160000000
RCC.VcooutputI2SQ=160000000
VP_CRC_VS_CRC.Mode=CRC_Activate
VP_CRC_VS_CRC.Signal=CRC_VS_CRC
VP_FREERTOS_VS_ENABLE.Mode=Enabled
VP_FREERTOS_VS_ENABLE.Signal=FREERTOS_VS_ENABLE
VP_LWIP_VS_Enabled.Mode=Enabled
VP_LWIP_VS_Enabled.Signal=LWIP_VS_Enabled
VP_RNG_VS_RNG.Mode=RNG_Activate
VP_RNG_VS_RNG.Signal=RNG_VS_RNG
VP_SYS_VS_tim1.Mode=TIM1
VP_SYS_VS_tim1.Signal=SYS_VS_tim1
board=wolfSTM32
