// !$*UTF8*$!
{
	archiveVersion = 1;
	classes = {
	};
	objectVersion = 48;
	objects = {

/* Begin PBXFileReference section */
		82B8A28E201BB0A7002EB3D4 /* components */ = {isa = PBXFileReference; lastKnownFileType = folder; path = components; sourceTree = "<group>"; };
		82B8A28F201BB0A7002EB3D4 /* sdk */ = {isa = PBXFileReference; lastKnownFileType = folder; path = sdk; sourceTree = "<group>"; };
		82B8A290201BB0A7002EB3D4 /* LICENSE */ = {isa = PBXFileReference; lastKnownFileType = text; path = LICENSE; sourceTree = "<group>"; };
		82B8A291201BB0A7002EB3D4 /* README.md */ = {isa = PBXFileReference; lastKnownFileType = net.daringfireball.markdown; path = README.md; sourceTree = "<group>"; };
/* End PBXFileReference section */

/* Begin PBXGroup section */
		82D4E20D201BAF8800B0D00F = {
			isa = PBXGroup;
			children = (
				82B8A28E201BB0A7002EB3D4 /* components */,
				82B8A290201BB0A7002EB3D4 /* LICENSE */,
				82B8A291201BB0A7002EB3D4 /* README.md */,
				82B8A28F201BB0A7002EB3D4 /* sdk */,
			);
			sourceTree = "<group>";
		};
/* End PBXGroup section */

/* Begin PBXProject section */
		82D4E20E201BAF8800B0D00F /* Project object */ = {
			isa = PBXProject;
			attributes = {
				LastUpgradeCheck = 0920;
			};
			buildConfigurationList = 82D4E211201BAF8800B0D00F /* Build configuration list for PBXProject "esp-homekit-devices" */;
			compatibilityVersion = "Xcode 8.0";
			developmentRegion = en;
			hasScannedForEncodings = 0;
			knownRegions = (
				en,
			);
			mainGroup = 82D4E20D201BAF8800B0D00F;
			projectDirPath = "";
			projectRoot = "";
			targets = (
			);
		};
/* End PBXProject section */

/* Begin XCBuildConfiguration section */
		82D4E212201BAF8800B0D00F /* Debug */ = {
			isa = XCBuildConfiguration;
			buildSettings = {
			};
			name = Debug;
		};
		82D4E213201BAF8800B0D00F /* Release */ = {
			isa = XCBuildConfiguration;
			buildSettings = {
			};
			name = Release;
		};
/* End XCBuildConfiguration section */

/* Begin XCConfigurationList section */
		82D4E211201BAF8800B0D00F /* Build configuration list for PBXProject "esp-homekit-devices" */ = {
			isa = XCConfigurationList;
			buildConfigurations = (
				82D4E212201BAF8800B0D00F /* Debug */,
				82D4E213201BAF8800B0D00F /* Release */,
			);
			defaultConfigurationIsVisible = 0;
			defaultConfigurationName = Release;
		};
/* End XCConfigurationList section */
	};
	rootObject = 82D4E20E201BAF8800B0D00F /* Project object */;
}
